// !$*UTF8*$!
{
	archiveVersion = 1;
	classes = {
	};
	objectVersion = 46;
	objects = {

/* Begin PBXBuildFile section */
		00D3387C1A4EB0880017AF24 /* AppDelegate.swift in Sources */ = {isa = PBXBuildFile; fileRef = 00D338711A4EB0880017AF24 /* AppDelegate.swift */; };
		00D3387D1A4EB0880017AF24 /* LaunchScreen.xib in Resources */ = {isa = PBXBuildFile; fileRef = 00D338731A4EB0880017AF24 /* LaunchScreen.xib */; };
		00D3387E1A4EB0880017AF24 /* Main.storyboard in Resources */ = {isa = PBXBuildFile; fileRef = 00D338751A4EB0880017AF24 /* Main.storyboard */; };
		00D3387F1A4EB0880017AF24 /* ContainerViewController.swift in Sources */ = {isa = PBXBuildFile; fileRef = 00D338771A4EB0880017AF24 /* ContainerViewController.swift */; };
		00D338801A4EB0880017AF24 /* Images.xcassets in Resources */ = {isa = PBXBuildFile; fileRef = 00D338781A4EB0880017AF24 /* Images.xcassets */; };
		00D338811A4EB0880017AF24 /* TopicsTableViewController.swift in Sources */ = {isa = PBXBuildFile; fileRef = 00D338791A4EB0880017AF24 /* TopicsTableViewController.swift */; };
		00D338821A4EB0880017AF24 /* TutorialViewController.swift in Sources */ = {isa = PBXBuildFile; fileRef = 00D3387A1A4EB0880017AF24 /* TutorialViewController.swift */; };
		00D338831A4EB0880017AF24 /* XMLParser.swift in Sources */ = {isa = PBXBuildFile; fileRef = 00D3387B1A4EB0880017AF24 /* XMLParser.swift */; };
		00D338851A4EB08F0017AF24 /* Info.plist in Resources */ = {isa = PBXBuildFile; fileRef = 00D338841A4EB08F0017AF24 /* Info.plist */; };
/* End PBXBuildFile section */

/* Begin PBXFileReference section */
		00A36B911A4D8199000C8F62 /* SplitAndAlert.app */ = {isa = PBXFileReference; explicitFileType = wrapper.application; includeInIndex = 0; path = SplitAndAlert.app; sourceTree = BUILT_PRODUCTS_DIR; };
		00D338711A4EB0880017AF24 /* AppDelegate.swift */ = {isa = PBXFileReference; fileEncoding = 4; lastKnownFileType = sourcecode.swift; name = AppDelegate.swift; path = SplitAndPopover/AppDelegate.swift; sourceTree = SOURCE_ROOT; };
		00D338741A4EB0880017AF24 /* Base */ = {isa = PBXFileReference; lastKnownFileType = file.xib; name = Base; path = LaunchScreen.xib; sourceTree = "<group>"; };
		00D338761A4EB0880017AF24 /* Base */ = {isa = PBXFileReference; lastKnownFileType = file.storyboard; name = Base; path = Main.storyboard; sourceTree = "<group>"; };
		00D338771A4EB0880017AF24 /* ContainerViewController.swift */ = {isa = PBXFileReference; fileEncoding = 4; lastKnownFileType = sourcecode.swift; name = ContainerViewController.swift; path = SplitAndPopover/ContainerViewController.swift; sourceTree = SOURCE_ROOT; };
		00D338781A4EB0880017AF24 /* Images.xcassets */ = {isa = PBXFileReference; lastKnownFileType = folder.assetcatalog; name = Images.xcassets; path = SplitAndPopover/Images.xcassets; sourceTree = SOURCE_ROOT; };
		00D338791A4EB0880017AF24 /* TopicsTableViewController.swift */ = {isa = PBXFileReference; fileEncoding = 4; lastKnownFileType = sourcecode.swift; name = TopicsTableViewController.swift; path = SplitAndPopover/TopicsTableViewController.swift; sourceTree = SOURCE_ROOT; };
		00D3387A1A4EB0880017AF24 /* TutorialViewController.swift */ = {isa = PBXFileReference; fileEncoding = 4; lastKnownFileType = sourcecode.swift; name = TutorialViewController.swift; path = SplitAndPopover/TutorialViewController.swift; sourceTree = SOURCE_ROOT; };
		00D3387B1A4EB0880017AF24 /* XMLParser.swift */ = {isa = PBXFileReference; fileEncoding = 4; lastKnownFileType = sourcecode.swift; name = XMLParser.swift; path = SplitAndPopover/XMLParser.swift; sourceTree = SOURCE_ROOT; };
		00D338841A4EB08F0017AF24 /* Info.plist */ = {isa = PBXFileReference; fileEncoding = 4; lastKnownFileType = text.plist.xml; name = Info.plist; path = SplitAndPopover/Info.plist; sourceTree = SOURCE_ROOT; };
/* End PBXFileReference section */

/* Begin PBXFrameworksBuildPhase section */
		00A36B8E1A4D8199000C8F62 /* Frameworks */ = {
			isa = PBXFrameworksBuildPhase;
			buildActionMask = 2147483647;
			files = (
			);
			runOnlyForDeploymentPostprocessing = 0;
		};
/* End PBXFrameworksBuildPhase section */

/* Begin PBXGroup section */
		00A36B881A4D8199000C8F62 = {
			isa = PBXGroup;
			children = (
				00A36B931A4D8199000C8F62 /* SplitAndAlert */,
				00A36B921A4D8199000C8F62 /* Products */,
			);
			sourceTree = "<group>";
		};
		00A36B921A4D8199000C8F62 /* Products */ = {
			isa = PBXGroup;
			children = (
				00A36B911A4D8199000C8F62 /* SplitAndAlert.app */,
			);
			name = Products;
			sourceTree = "<group>";
		};
		00A36B931A4D8199000C8F62 /* SplitAndAlert */ = {
			isa = PBXGroup;
			children = (
				00D338711A4EB0880017AF24 /* AppDelegate.swift */,
				00D338721A4EB0880017AF24 /* Base.lproj */,
				00D338771A4EB0880017AF24 /* ContainerViewController.swift */,
				00D338781A4EB0880017AF24 /* Images.xcassets */,
				00D338791A4EB0880017AF24 /* TopicsTableViewController.swift */,
				00D3387A1A4EB0880017AF24 /* TutorialViewController.swift */,
				00D3387B1A4EB0880017AF24 /* XMLParser.swift */,
				00A36B941A4D8199000C8F62 /* Supporting Files */,
			);
			path = SplitAndAlert;
			sourceTree = "<group>";
		};
		00A36B941A4D8199000C8F62 /* Supporting Files */ = {
			isa = PBXGroup;
			children = (
				00D338841A4EB08F0017AF24 /* Info.plist */,
			);
			name = "Supporting Files";
			sourceTree = "<group>";
		};
		00D338721A4EB0880017AF24 /* Base.lproj */ = {
			isa = PBXGroup;
			children = (
				00D338731A4EB0880017AF24 /* LaunchScreen.xib */,
				00D338751A4EB0880017AF24 /* Main.storyboard */,
			);
			name = Base.lproj;
			path = SplitAndPopover/Base.lproj;
			sourceTree = SOURCE_ROOT;
		};
/* End PBXGroup section */

/* Begin PBXNativeTarget section */
		00A36B901A4D8199000C8F62 /* SplitAndAlert */ = {
			isa = PBXNativeTarget;
			buildConfigurationList = 00A36BB01A4D8199000C8F62 /* Build configuration list for PBXNativeTarget "SplitAndAlert" */;
			buildPhases = (
				00A36B8D1A4D8199000C8F62 /* Sources */,
				00A36B8E1A4D8199000C8F62 /* Frameworks */,
				00A36B8F1A4D8199000C8F62 /* Resources */,
			);
			buildRules = (
			);
			dependencies = (
			);
			name = SplitAndAlert;
			productName = SplitAndAlert;
			productReference = 00A36B911A4D8199000C8F62 /* SplitAndAlert.app */;
			productType = "com.apple.product-type.application";
		};
/* End PBXNativeTarget section */

/* Begin PBXProject section */
		00A36B891A4D8199000C8F62 /* Project object */ = {
			isa = PBXProject;
			attributes = {
				LastUpgradeCheck = 0610;
				ORGANIZATIONNAME = Robin;
				TargetAttributes = {
					00A36B901A4D8199000C8F62 = {
						CreatedOnToolsVersion = 6.1;
					};
				};
			};
			buildConfigurationList = 00A36B8C1A4D8199000C8F62 /* Build configuration list for PBXProject "SplitAndAlert" */;
			compatibilityVersion = "Xcode 3.2";
			developmentRegion = English;
			hasScannedForEncodings = 0;
			knownRegions = (
				en,
				Base,
			);
			mainGroup = 00A36B881A4D8199000C8F62;
			productRefGroup = 00A36B921A4D8199000C8F62 /* Products */;
			projectDirPath = "";
			projectRoot = "";
			targets = (
				00A36B901A4D8199000C8F62 /* SplitAndAlert */,
			);
		};
/* End PBXProject section */

/* Begin PBXResourcesBuildPhase section */
		00A36B8F1A4D8199000C8F62 /* Resources */ = {
			isa = PBXResourcesBuildPhase;
			buildActionMask = 2147483647;
			files = (
				00D338851A4EB08F0017AF24 /* Info.plist in Resources */,
				00D338801A4EB0880017AF24 /* Images.xcassets in Resources */,
				00D3387D1A4EB0880017AF24 /* LaunchScreen.xib in Resources */,
				00D3387E1A4EB0880017AF24 /* Main.storyboard in Resources */,
			);
			runOnlyForDeploymentPostprocessing = 0;
		};
/* End PBXResourcesBuildPhase section */

/* Begin PBXSourcesBuildPhase section */
		00A36B8D1A4D8199000C8F62 /* Sources */ = {
			isa = PBXSourcesBuildPhase;
			buildActionMask = 2147483647;
			files = (
				00D338811A4EB0880017AF24 /* TopicsTableViewController.swift in Sources */,
				00D3387F1A4EB0880017AF24 /* ContainerViewController.swift in Sources */,
				00D338821A4EB0880017AF24 /* TutorialViewController.swift in Sources */,
				00D3387C1A4EB0880017AF24 /* AppDelegate.swift in Sources */,
				00D338831A4EB0880017AF24 /* XMLParser.swift in Sources */,
			);
			runOnlyForDeploymentPostprocessing = 0;
		};
/* End PBXSourcesBuildPhase section */

/* Begin PBXVariantGroup section */
		00D338731A4EB0880017AF24 /* LaunchScreen.xib */ = {
			isa = PBXVariantGroup;
			children = (
				00D338741A4EB0880017AF24 /* Base */,
			);
			name = LaunchScreen.xib;
			sourceTree = "<group>";
		};
		00D338751A4EB0880017AF24 /* Main.storyboard */ = {
			isa = PBXVariantGroup;
			children = (
				00D338761A4EB0880017AF24 /* Base */,
			);
			name = Main.storyboard;
			sourceTree = "<group>";
		};
/* End PBXVariantGroup section */

/* Begin XCBuildConfiguration section */
		00A36BAE1A4D8199000C8F62 /* Debug */ = {
			isa = XCBuildConfiguration;
			buildSettings = {
				ALWAYS_SEARCH_USER_PATHS = NO;
				CLANG_CXX_LANGUAGE_STANDARD = "gnu++0x";
				CLANG_CXX_LIBRARY = "libc++";
				CLANG_ENABLE_MODULES = YES;
				CLANG_ENABLE_OBJC_ARC = YES;
				CLANG_WARN_BOOL_CONVERSION = YES;
				CLANG_WARN_CONSTANT_CONVERSION = YES;
				CLANG_WARN_DIRECT_OBJC_ISA_USAGE = YES_ERROR;
				CLANG_WARN_EMPTY_BODY = YES;
				CLANG_WARN_ENUM_CONVERSION = YES;
				CLANG_WARN_INT_CONVERSION = YES;
				CLANG_WARN_OBJC_ROOT_CLASS = YES_ERROR;
				CLANG_WARN_UNREACHABLE_CODE = YES;
				CLANG_WARN__DUPLICATE_METHOD_MATCH = YES;
				"CODE_SIGN_IDENTITY[sdk=iphoneos*]" = "iPhone Developer";
				COPY_PHASE_STRIP = NO;
				ENABLE_STRICT_OBJC_MSGSEND = YES;
				GCC_C_LANGUAGE_STANDARD = gnu99;
				GCC_DYNAMIC_NO_PIC = NO;
				GCC_OPTIMIZATION_LEVEL = 0;
				GCC_PREPROCESSOR_DEFINITIONS = (
					"DEBUG=1",
					"$(inherited)",
				);
				GCC_SYMBOLS_PRIVATE_EXTERN = NO;
				GCC_WARN_64_TO_32_BIT_CONVERSION = YES;
				GCC_WARN_ABOUT_RETURN_TYPE = YES_ERROR;
				GCC_WARN_UNDECLARED_SELECTOR = YES;
				GCC_WARN_UNINITIALIZED_AUTOS = YES_AGGRESSIVE;
				GCC_WARN_UNUSED_FUNCTION = YES;
				GCC_WARN_UNUSED_VARIABLE = YES;
				IPHONEOS_DEPLOYMENT_TARGET = 8.1;
				MTL_ENABLE_DEBUG_INFO = YES;
				ONLY_ACTIVE_ARCH = YES;
				SDKROOT = iphoneos;
				SWIFT_OPTIMIZATION_LEVEL = "-Onone";
			};
			name = Debug;
		};
		00A36BAF1A4D8199000C8F62 /* Release */ = {
			isa = XCBuildConfiguration;
			buildSettings = {
				ALWAYS_SEARCH_USER_PATHS = NO;
				CLANG_CXX_LANGUAGE_STANDARD = "gnu++0x";
				CLANG_CXX_LIBRARY = "libc++";
				CLANG_ENABLE_MODULES = YES;
				CLANG_ENABLE_OBJC_ARC = YES;
				CLANG_WARN_BOOL_CONVERSION = YES;
				CLANG_WARN_CONSTANT_CONVERSION = YES;
				CLANG_WARN_DIRECT_OBJC_ISA_USAGE = YES_ERROR;
				CLANG_WARN_EMPTY_BODY = YES;
				CLANG_WARN_ENUM_CONVERSION = YES;
				CLANG_WARN_INT_CONVERSION = YES;
				CLANG_WARN_OBJC_ROOT_CLASS = YES_ERROR;
				CLANG_WARN_UNREACHABLE_CODE = YES;
				CLANG_WARN__DUPLICATE_METHOD_MATCH = YES;
				"CODE_SIGN_IDENTITY[sdk=iphoneos*]" = "iPhone Developer";
				COPY_PHASE_STRIP = YES;
				ENABLE_NS_ASSERTIONS = NO;
				ENABLE_STRICT_OBJC_MSGSEND = YES;
				GCC_C_LANGUAGE_STANDARD = gnu99;
				GCC_WARN_64_TO_32_BIT_CONVERSION = YES;
				GCC_WARN_ABOUT_RETURN_TYPE = YES_ERROR;
				GCC_WARN_UNDECLARED_SELECTOR = YES;
				GCC_WARN_UNINITIALIZED_AUTOS = YES_AGGRESSIVE;
				GCC_WARN_UNUSED_FUNCTION = YES;
				GCC_WARN_UNUSED_VARIABLE = YES;
				IPHONEOS_DEPLOYMENT_TARGET = 8.1;
				MTL_ENABLE_DEBUG_INFO = NO;
				SDKROOT = iphoneos;
				VALIDATE_PRODUCT = YES;
			};
			name = Release;
		};
		00A36BB11A4D8199000C8F62 /* Debug */ = {
			isa = XCBuildConfiguration;
			buildSettings = {
				ASSETCATALOG_COMPILER_APPICON_NAME = AppIcon;
				INFOPLIST_FILE = "$(SRCROOT)/SplitAndPopover/Info.plist";
				LD_RUNPATH_SEARCH_PATHS = "$(inherited) @executable_path/Frameworks";
				PRODUCT_NAME = "$(TARGET_NAME)";
			};
			name = Debug;
		};
		00A36BB21A4D8199000C8F62 /* Release */ = {
			isa = XCBuildConfiguration;
			buildSettings = {
				ASSETCATALOG_COMPILER_APPICON_NAME = AppIcon;
				INFOPLIST_FILE = "$(SRCROOT)/SplitAndPopover/Info.plist";
				LD_RUNPATH_SEARCH_PATHS = "$(inherited) @executable_path/Frameworks";
				PRODUCT_NAME = "$(TARGET_NAME)";
			};
			name = Release;
		};
/* End XCBuildConfiguration section */

/* Begin XCConfigurationList section */
		00A36B8C1A4D8199000C8F62 /* Build configuration list for PBXProject "SplitAndAlert" */ = {
			isa = XCConfigurationList;
			buildConfigurations = (
				00A36BAE1A4D8199000C8F62 /* Debug */,
				00A36BAF1A4D8199000C8F62 /* Release */,
			);
			defaultConfigurationIsVisible = 0;
			defaultConfigurationName = Release;
		};
		00A36BB01A4D8199000C8F62 /* Build configuration list for PBXNativeTarget "SplitAndAlert" */ = {
			isa = XCConfigurationList;
			buildConfigurations = (
				00A36BB11A4D8199000C8F62 /* Debug */,
				00A36BB21A4D8199000C8F62 /* Release */,
			);
			defaultConfigurationIsVisible = 0;
			defaultConfigurationName = Release;
		};
/* End XCConfigurationList section */
	};
	rootObject = 00A36B891A4D8199000C8F62 /* Project object */;
}
